
Microsoft Visual Studio Solution File, Format Version 12.00
# Visual Studio Version 17
VisualStudioVersion = 17.8.34330.188
MinimumVisualStudioVersion = 10.0.40219.1
Project("{9A19103F-16F7-4668-BE54-9A1E7A4F7556}") = "RateLimiter", "RateLimiter.csproj", "{B380C5CB-51C2-43E7-87A8-1081AC98A7AB}"
EndProject
Global
	GlobalSection(SolutionConfigurationPlatforms) = preSolution
		Debug|Any CPU = Debug|Any CPU
		Release|Any CPU = Release|Any CPU
	EndGlobalSection
	GlobalSection(ProjectConfigurationPlatforms) = postSolution
		{B380C5CB-51C2-43E7-87A8-1081AC98A7AB}.Debug|Any CPU.ActiveCfg = Debug|Any CPU
		{B380C5CB-51C2-43E7-87A8-1081AC98A7AB}.Debug|Any CPU.Build.0 = Debug|Any CPU
		{B380C5CB-51C2-43E7-87A8-1081AC98A7AB}.Release|Any CPU.ActiveCfg = Release|Any CPU
		{B380C5CB-51C2-43E7-87A8-1081AC98A7AB}.Release|Any CPU.Build.0 = Release|Any CPU
	EndGlobalSection
	GlobalSection(SolutionProperties) = preSolution
		HideSolutionNode = FALSE
	EndGlobalSection
	GlobalSection(ExtensibilityGlobals) = postSolution
		SolutionGuid = {A258A166-FEC8-4ED3-AD7A-F6D7655C05B4}
	EndGlobalSection
EndGlobal
